// !$*UTF8*$!
{
	archiveVersion = 1;
	classes = {
	};
	objectVersion = 48;
	objects = {

/* Begin PBXBuildFile section */
		6322E1811F93899100302A93 /* NewsArticle.swift in Sources */ = {isa = PBXBuildFile; fileRef = 6322E1801F93899100302A93 /* NewsArticle.swift */; };
		6322E1831F938A0100302A93 /* NewsArticleContent.swift in Sources */ = {isa = PBXBuildFile; fileRef = 6322E1821F938A0100302A93 /* NewsArticleContent.swift */; };
		6322E1851F93DD6A00302A93 /* NewsArticle+JSON.swift in Sources */ = {isa = PBXBuildFile; fileRef = 6322E1841F93DD6A00302A93 /* NewsArticle+JSON.swift */; };
		6322E1871F93DD7D00302A93 /* NewsArticleContent+JSON.swift in Sources */ = {isa = PBXBuildFile; fileRef = 6322E1861F93DD7D00302A93 /* NewsArticleContent+JSON.swift */; };
		6322E1891F93E53400302A93 /* ParsingHelpers.swift in Sources */ = {isa = PBXBuildFile; fileRef = 6322E1881F93E53400302A93 /* ParsingHelpers.swift */; };
		6322E18B1F94036000302A93 /* TinkoffAPIResponse.swift in Sources */ = {isa = PBXBuildFile; fileRef = 6322E18A1F94036000302A93 /* TinkoffAPIResponse.swift */; };
		6322E18D1F940E0400302A93 /* Result.swift in Sources */ = {isa = PBXBuildFile; fileRef = 6322E18C1F940E0400302A93 /* Result.swift */; };
		6322E18F1F94135500302A93 /* TinkoffNewsRemoteRepository.swift in Sources */ = {isa = PBXBuildFile; fileRef = 6322E18E1F94135500302A93 /* TinkoffNewsRemoteRepository.swift */; };
		6322E1911F94177B00302A93 /* NewsArticlesListViewController.swift in Sources */ = {isa = PBXBuildFile; fileRef = 6322E1901F94177B00302A93 /* NewsArticlesListViewController.swift */; };
		6322E1931F9417A100302A93 /* NewsArticleDetailsViewController.swift in Sources */ = {isa = PBXBuildFile; fileRef = 6322E1921F9417A100302A93 /* NewsArticleDetailsViewController.swift */; };
		6322E1951F94183000302A93 /* NewsArticlesListCell.swift in Sources */ = {isa = PBXBuildFile; fileRef = 6322E1941F94183000302A93 /* NewsArticlesListCell.swift */; };
		6322E1971F941C7800302A93 /* Application.swift in Sources */ = {isa = PBXBuildFile; fileRef = 6322E1961F941C7800302A93 /* Application.swift */; };
		6322E1991F941DDB00302A93 /* DisplayingError.swift in Sources */ = {isa = PBXBuildFile; fileRef = 6322E1981F941DDB00302A93 /* DisplayingError.swift */; };
		63E3E8511F8D5353002CD766 /* AppDelegate.swift in Sources */ = {isa = PBXBuildFile; fileRef = 63E3E8501F8D5353002CD766 /* AppDelegate.swift */; };
		63E3E8561F8D5353002CD766 /* Main.storyboard in Resources */ = {isa = PBXBuildFile; fileRef = 63E3E8541F8D5353002CD766 /* Main.storyboard */; };
		63E3E8591F8D5353002CD766 /* TinkoffNews.xcdatamodeld in Sources */ = {isa = PBXBuildFile; fileRef = 63E3E8571F8D5353002CD766 /* TinkoffNews.xcdatamodeld */; };
		63E3E85B1F8D5353002CD766 /* Assets.xcassets in Resources */ = {isa = PBXBuildFile; fileRef = 63E3E85A1F8D5353002CD766 /* Assets.xcassets */; };
		63E3E85E1F8D5353002CD766 /* LaunchScreen.storyboard in Resources */ = {isa = PBXBuildFile; fileRef = 63E3E85C1F8D5353002CD766 /* LaunchScreen.storyboard */; };
		63E3E86F1F9142E8002CD766 /* TinkoffNewsRepository.swift in Sources */ = {isa = PBXBuildFile; fileRef = 63E3E86E1F9142E8002CD766 /* TinkoffNewsRepository.swift */; };
		63E3E8711F91435E002CD766 /* RepositoryList.swift in Sources */ = {isa = PBXBuildFile; fileRef = 63E3E8701F91435E002CD766 /* RepositoryList.swift */; };
		63E3E8731F9248C1002CD766 /* RepositoryCache.swift in Sources */ = {isa = PBXBuildFile; fileRef = 63E3E8721F9248C1002CD766 /* RepositoryCache.swift */; };
		63E3E8761F9252FE002CD766 /* TinkoffAPIClient.swift in Sources */ = {isa = PBXBuildFile; fileRef = 63E3E8751F9252FE002CD766 /* TinkoffAPIClient.swift */; };
		63E3E8791F925B81002CD766 /* NewsArticleInterface.swift in Sources */ = {isa = PBXBuildFile; fileRef = 63E3E8781F925B81002CD766 /* NewsArticleInterface.swift */; };
		63E3E87B1F925B8E002CD766 /* NewsArticleContentInterface.swift in Sources */ = {isa = PBXBuildFile; fileRef = 63E3E87A1F925B8E002CD766 /* NewsArticleContentInterface.swift */; };
		63E3E87D1F925BD0002CD766 /* IdentifiableObject.swift in Sources */ = {isa = PBXBuildFile; fileRef = 63E3E87C1F925BD0002CD766 /* IdentifiableObject.swift */; };
/* End PBXBuildFile section */

/* Begin PBXFileReference section */
		6322E1801F93899100302A93 /* NewsArticle.swift */ = {isa = PBXFileReference; lastKnownFileType = sourcecode.swift; path = NewsArticle.swift; sourceTree = "<group>"; };
		6322E1821F938A0100302A93 /* NewsArticleContent.swift */ = {isa = PBXFileReference; lastKnownFileType = sourcecode.swift; path = NewsArticleContent.swift; sourceTree = "<group>"; };
		6322E1841F93DD6A00302A93 /* NewsArticle+JSON.swift */ = {isa = PBXFileReference; lastKnownFileType = sourcecode.swift; path = "NewsArticle+JSON.swift"; sourceTree = "<group>"; };
		6322E1861F93DD7D00302A93 /* NewsArticleContent+JSON.swift */ = {isa = PBXFileReference; lastKnownFileType = sourcecode.swift; path = "NewsArticleContent+JSON.swift"; sourceTree = "<group>"; };
		6322E1881F93E53400302A93 /* ParsingHelpers.swift */ = {isa = PBXFileReference; lastKnownFileType = sourcecode.swift; path = ParsingHelpers.swift; sourceTree = "<group>"; };
		6322E18A1F94036000302A93 /* TinkoffAPIResponse.swift */ = {isa = PBXFileReference; lastKnownFileType = sourcecode.swift; path = TinkoffAPIResponse.swift; sourceTree = "<group>"; };
		6322E18C1F940E0400302A93 /* Result.swift */ = {isa = PBXFileReference; lastKnownFileType = sourcecode.swift; path = Result.swift; sourceTree = "<group>"; };
		6322E18E1F94135500302A93 /* TinkoffNewsRemoteRepository.swift */ = {isa = PBXFileReference; lastKnownFileType = sourcecode.swift; path = TinkoffNewsRemoteRepository.swift; sourceTree = "<group>"; };
		6322E1901F94177B00302A93 /* NewsArticlesListViewController.swift */ = {isa = PBXFileReference; lastKnownFileType = sourcecode.swift; path = NewsArticlesListViewController.swift; sourceTree = "<group>"; };
		6322E1921F9417A100302A93 /* NewsArticleDetailsViewController.swift */ = {isa = PBXFileReference; lastKnownFileType = sourcecode.swift; path = NewsArticleDetailsViewController.swift; sourceTree = "<group>"; };
		6322E1941F94183000302A93 /* NewsArticlesListCell.swift */ = {isa = PBXFileReference; lastKnownFileType = sourcecode.swift; path = NewsArticlesListCell.swift; sourceTree = "<group>"; };
		6322E1961F941C7800302A93 /* Application.swift */ = {isa = PBXFileReference; lastKnownFileType = sourcecode.swift; path = Application.swift; sourceTree = "<group>"; };
		6322E1981F941DDB00302A93 /* DisplayingError.swift */ = {isa = PBXFileReference; lastKnownFileType = sourcecode.swift; path = DisplayingError.swift; sourceTree = "<group>"; };
		63E3E84D1F8D5353002CD766 /* TinkoffNews.app */ = {isa = PBXFileReference; explicitFileType = wrapper.application; includeInIndex = 0; path = TinkoffNews.app; sourceTree = BUILT_PRODUCTS_DIR; };
		63E3E8501F8D5353002CD766 /* AppDelegate.swift */ = {isa = PBXFileReference; lastKnownFileType = sourcecode.swift; path = AppDelegate.swift; sourceTree = "<group>"; };
		63E3E8551F8D5353002CD766 /* Base */ = {isa = PBXFileReference; lastKnownFileType = file.storyboard; name = Base; path = Base.lproj/Main.storyboard; sourceTree = "<group>"; };
		63E3E8581F8D5353002CD766 /* TinkoffNews.xcdatamodel */ = {isa = PBXFileReference; lastKnownFileType = wrapper.xcdatamodel; path = TinkoffNews.xcdatamodel; sourceTree = "<group>"; };
		63E3E85A1F8D5353002CD766 /* Assets.xcassets */ = {isa = PBXFileReference; lastKnownFileType = folder.assetcatalog; path = Assets.xcassets; sourceTree = "<group>"; };
		63E3E85D1F8D5353002CD766 /* Base */ = {isa = PBXFileReference; lastKnownFileType = file.storyboard; name = Base; path = Base.lproj/LaunchScreen.storyboard; sourceTree = "<group>"; };
		63E3E85F1F8D5353002CD766 /* Info.plist */ = {isa = PBXFileReference; lastKnownFileType = text.plist.xml; path = Info.plist; sourceTree = "<group>"; };
		63E3E86E1F9142E8002CD766 /* TinkoffNewsRepository.swift */ = {isa = PBXFileReference; lastKnownFileType = sourcecode.swift; path = TinkoffNewsRepository.swift; sourceTree = "<group>"; };
		63E3E8701F91435E002CD766 /* RepositoryList.swift */ = {isa = PBXFileReference; lastKnownFileType = sourcecode.swift; path = RepositoryList.swift; sourceTree = "<group>"; };
		63E3E8721F9248C1002CD766 /* RepositoryCache.swift */ = {isa = PBXFileReference; lastKnownFileType = sourcecode.swift; path = RepositoryCache.swift; sourceTree = "<group>"; };
		63E3E8751F9252FE002CD766 /* TinkoffAPIClient.swift */ = {isa = PBXFileReference; lastKnownFileType = sourcecode.swift; path = TinkoffAPIClient.swift; sourceTree = "<group>"; };
		63E3E8781F925B81002CD766 /* NewsArticleInterface.swift */ = {isa = PBXFileReference; lastKnownFileType = sourcecode.swift; path = NewsArticleInterface.swift; sourceTree = "<group>"; };
		63E3E87A1F925B8E002CD766 /* NewsArticleContentInterface.swift */ = {isa = PBXFileReference; lastKnownFileType = sourcecode.swift; path = NewsArticleContentInterface.swift; sourceTree = "<group>"; };
		63E3E87C1F925BD0002CD766 /* IdentifiableObject.swift */ = {isa = PBXFileReference; lastKnownFileType = sourcecode.swift; path = IdentifiableObject.swift; sourceTree = "<group>"; };
/* End PBXFileReference section */

/* Begin PBXFrameworksBuildPhase section */
		63E3E84A1F8D5353002CD766 /* Frameworks */ = {
			isa = PBXFrameworksBuildPhase;
			buildActionMask = 2147483647;
			files = (
			);
			runOnlyForDeploymentPostprocessing = 0;
		};
/* End PBXFrameworksBuildPhase section */

/* Begin PBXGroup section */
		63E3E8441F8D5353002CD766 = {
			isa = PBXGroup;
			children = (
				63E3E84F1F8D5353002CD766 /* TinkoffNews */,
				63E3E84E1F8D5353002CD766 /* Products */,
			);
			sourceTree = "<group>";
		};
		63E3E84E1F8D5353002CD766 /* Products */ = {
			isa = PBXGroup;
			children = (
				63E3E84D1F8D5353002CD766 /* TinkoffNews.app */,
			);
			name = Products;
			sourceTree = "<group>";
		};
		63E3E84F1F8D5353002CD766 /* TinkoffNews */ = {
			isa = PBXGroup;
			children = (
				63E3E8771F925B6B002CD766 /* Models */,
				63E3E8741F9252EF002CD766 /* Network */,
				63E3E86D1F9142D6002CD766 /* Storage */,
				63E3E87E1F925DF7002CD766 /* UI */,
				63E3E8501F8D5353002CD766 /* AppDelegate.swift */,
				6322E1961F941C7800302A93 /* Application.swift */,
				63E3E8541F8D5353002CD766 /* Main.storyboard */,
				63E3E85A1F8D5353002CD766 /* Assets.xcassets */,
				63E3E85C1F8D5353002CD766 /* LaunchScreen.storyboard */,
				63E3E85F1F8D5353002CD766 /* Info.plist */,
				63E3E8571F8D5353002CD766 /* TinkoffNews.xcdatamodeld */,
			);
			path = TinkoffNews;
			sourceTree = "<group>";
		};
		63E3E86D1F9142D6002CD766 /* Storage */ = {
			isa = PBXGroup;
			children = (
				63E3E8701F91435E002CD766 /* RepositoryList.swift */,
				63E3E8721F9248C1002CD766 /* RepositoryCache.swift */,
				63E3E86E1F9142E8002CD766 /* TinkoffNewsRepository.swift */,
				6322E18E1F94135500302A93 /* TinkoffNewsRemoteRepository.swift */,
			);
			path = Storage;
			sourceTree = "<group>";
		};
		63E3E8741F9252EF002CD766 /* Network */ = {
			isa = PBXGroup;
			children = (
				63E3E8751F9252FE002CD766 /* TinkoffAPIClient.swift */,
				6322E1841F93DD6A00302A93 /* NewsArticle+JSON.swift */,
				6322E1861F93DD7D00302A93 /* NewsArticleContent+JSON.swift */,
				6322E1881F93E53400302A93 /* ParsingHelpers.swift */,
				6322E18A1F94036000302A93 /* TinkoffAPIResponse.swift */,
			);
			path = Network;
			sourceTree = "<group>";
		};
		63E3E8771F925B6B002CD766 /* Models */ = {
			isa = PBXGroup;
			children = (
				63E3E87C1F925BD0002CD766 /* IdentifiableObject.swift */,
				63E3E8781F925B81002CD766 /* NewsArticleInterface.swift */,
				6322E1801F93899100302A93 /* NewsArticle.swift */,
				63E3E87A1F925B8E002CD766 /* NewsArticleContentInterface.swift */,
				6322E1821F938A0100302A93 /* NewsArticleContent.swift */,
				6322E18C1F940E0400302A93 /* Result.swift */,
			);
			path = Models;
			sourceTree = "<group>";
		};
		63E3E87E1F925DF7002CD766 /* UI */ = {
			isa = PBXGroup;
			children = (
				6322E1981F941DDB00302A93 /* DisplayingError.swift */,
				6322E1901F94177B00302A93 /* NewsArticlesListViewController.swift */,
				6322E1941F94183000302A93 /* NewsArticlesListCell.swift */,
				6322E1921F9417A100302A93 /* NewsArticleDetailsViewController.swift */,
			);
			path = UI;
			sourceTree = "<group>";
		};
/* End PBXGroup section */

/* Begin PBXNativeTarget section */
		63E3E84C1F8D5353002CD766 /* TinkoffNews */ = {
			isa = PBXNativeTarget;
			buildConfigurationList = 63E3E8621F8D5353002CD766 /* Build configuration list for PBXNativeTarget "TinkoffNews" */;
			buildPhases = (
				63E3E8491F8D5353002CD766 /* Sources */,
				63E3E84A1F8D5353002CD766 /* Frameworks */,
				63E3E84B1F8D5353002CD766 /* Resources */,
			);
			buildRules = (
			);
			dependencies = (
			);
			name = TinkoffNews;
			productName = TinkoffNews;
			productReference = 63E3E84D1F8D5353002CD766 /* TinkoffNews.app */;
			productType = "com.apple.product-type.application";
		};
/* End PBXNativeTarget section */

/* Begin PBXProject section */
		63E3E8451F8D5353002CD766 /* Project object */ = {
			isa = PBXProject;
			attributes = {
				LastSwiftUpdateCheck = 0900;
				LastUpgradeCheck = 0900;
				ORGANIZATIONNAME = Shedward;
				TargetAttributes = {
					63E3E84C1F8D5353002CD766 = {
						CreatedOnToolsVersion = 9.0;
						ProvisioningStyle = Automatic;
					};
				};
			};
			buildConfigurationList = 63E3E8481F8D5353002CD766 /* Build configuration list for PBXProject "TinkoffNews" */;
			compatibilityVersion = "Xcode 8.0";
			developmentRegion = en;
			hasScannedForEncodings = 0;
			knownRegions = (
				en,
				Base,
			);
			mainGroup = 63E3E8441F8D5353002CD766;
			productRefGroup = 63E3E84E1F8D5353002CD766 /* Products */;
			projectDirPath = "";
			projectRoot = "";
			targets = (
				63E3E84C1F8D5353002CD766 /* TinkoffNews */,
			);
		};
/* End PBXProject section */

/* Begin PBXResourcesBuildPhase section */
		63E3E84B1F8D5353002CD766 /* Resources */ = {
			isa = PBXResourcesBuildPhase;
			buildActionMask = 2147483647;
			files = (
				63E3E85E1F8D5353002CD766 /* LaunchScreen.storyboard in Resources */,
				63E3E85B1F8D5353002CD766 /* Assets.xcassets in Resources */,
				63E3E8561F8D5353002CD766 /* Main.storyboard in Resources */,
			);
			runOnlyForDeploymentPostprocessing = 0;
		};
/* End PBXResourcesBuildPhase section */

/* Begin PBXSourcesBuildPhase section */
		63E3E8491F8D5353002CD766 /* Sources */ = {
			isa = PBXSourcesBuildPhase;
			buildActionMask = 2147483647;
			files = (
				6322E18F1F94135500302A93 /* TinkoffNewsRemoteRepository.swift in Sources */,
				63E3E8791F925B81002CD766 /* NewsArticleInterface.swift in Sources */,
				6322E1911F94177B00302A93 /* NewsArticlesListViewController.swift in Sources */,
				6322E1831F938A0100302A93 /* NewsArticleContent.swift in Sources */,
				6322E1891F93E53400302A93 /* ParsingHelpers.swift in Sources */,
				63E3E87D1F925BD0002CD766 /* IdentifiableObject.swift in Sources */,
				63E3E86F1F9142E8002CD766 /* TinkoffNewsRepository.swift in Sources */,
				6322E1811F93899100302A93 /* NewsArticle.swift in Sources */,
				6322E18D1F940E0400302A93 /* Result.swift in Sources */,
				6322E1871F93DD7D00302A93 /* NewsArticleContent+JSON.swift in Sources */,
				63E3E8731F9248C1002CD766 /* RepositoryCache.swift in Sources */,
				63E3E8591F8D5353002CD766 /* TinkoffNews.xcdatamodeld in Sources */,
				6322E1851F93DD6A00302A93 /* NewsArticle+JSON.swift in Sources */,
				63E3E8761F9252FE002CD766 /* TinkoffAPIClient.swift in Sources */,
				6322E1931F9417A100302A93 /* NewsArticleDetailsViewController.swift in Sources */,
				6322E1971F941C7800302A93 /* Application.swift in Sources */,
				63E3E8511F8D5353002CD766 /* AppDelegate.swift in Sources */,
				6322E18B1F94036000302A93 /* TinkoffAPIResponse.swift in Sources */,
				6322E1991F941DDB00302A93 /* DisplayingError.swift in Sources */,
				6322E1951F94183000302A93 /* NewsArticlesListCell.swift in Sources */,
				63E3E8711F91435E002CD766 /* RepositoryList.swift in Sources */,
				63E3E87B1F925B8E002CD766 /* NewsArticleContentInterface.swift in Sources */,
			);
			runOnlyForDeploymentPostprocessing = 0;
		};
/* End PBXSourcesBuildPhase section */

/* Begin PBXVariantGroup section */
		63E3E8541F8D5353002CD766 /* Main.storyboard */ = {
			isa = PBXVariantGroup;
			children = (
				63E3E8551F8D5353002CD766 /* Base */,
			);
			name = Main.storyboard;
			sourceTree = "<group>";
		};
		63E3E85C1F8D5353002CD766 /* LaunchScreen.storyboard */ = {
			isa = PBXVariantGroup;
			children = (
				63E3E85D1F8D5353002CD766 /* Base */,
			);
			name = LaunchScreen.storyboard;
			sourceTree = "<group>";
		};
/* End PBXVariantGroup section */

/* Begin XCBuildConfiguration section */
		63E3E8601F8D5353002CD766 /* Debug */ = {
			isa = XCBuildConfiguration;
			buildSettings = {
				ALWAYS_SEARCH_USER_PATHS = NO;
				CLANG_ANALYZER_NONNULL = YES;
				CLANG_ANALYZER_NUMBER_OBJECT_CONVERSION = YES_AGGRESSIVE;
				CLANG_CXX_LANGUAGE_STANDARD = "gnu++14";
				CLANG_CXX_LIBRARY = "libc++";
				CLANG_ENABLE_MODULES = YES;
				CLANG_ENABLE_OBJC_ARC = YES;
				CLANG_WARN_BLOCK_CAPTURE_AUTORELEASING = YES;
				CLANG_WARN_BOOL_CONVERSION = YES;
				CLANG_WARN_COMMA = YES;
				CLANG_WARN_CONSTANT_CONVERSION = YES;
				CLANG_WARN_DIRECT_OBJC_ISA_USAGE = YES_ERROR;
				CLANG_WARN_DOCUMENTATION_COMMENTS = YES;
				CLANG_WARN_EMPTY_BODY = YES;
				CLANG_WARN_ENUM_CONVERSION = YES;
				CLANG_WARN_INFINITE_RECURSION = YES;
				CLANG_WARN_INT_CONVERSION = YES;
				CLANG_WARN_NON_LITERAL_NULL_CONVERSION = YES;
				CLANG_WARN_OBJC_LITERAL_CONVERSION = YES;
				CLANG_WARN_OBJC_ROOT_CLASS = YES_ERROR;
				CLANG_WARN_RANGE_LOOP_ANALYSIS = YES;
				CLANG_WARN_STRICT_PROTOTYPES = YES;
				CLANG_WARN_SUSPICIOUS_MOVE = YES;
				CLANG_WARN_UNGUARDED_AVAILABILITY = YES_AGGRESSIVE;
				CLANG_WARN_UNREACHABLE_CODE = YES;
				CLANG_WARN__DUPLICATE_METHOD_MATCH = YES;
				CODE_SIGN_IDENTITY = "iPhone Developer";
				COPY_PHASE_STRIP = NO;
				DEBUG_INFORMATION_FORMAT = dwarf;
				ENABLE_STRICT_OBJC_MSGSEND = YES;
				ENABLE_TESTABILITY = YES;
				GCC_C_LANGUAGE_STANDARD = gnu11;
				GCC_DYNAMIC_NO_PIC = NO;
				GCC_NO_COMMON_BLOCKS = YES;
				GCC_OPTIMIZATION_LEVEL = 0;
				GCC_PREPROCESSOR_DEFINITIONS = (
					"DEBUG=1",
					"$(inherited)",
				);
				GCC_WARN_64_TO_32_BIT_CONVERSION = YES;
				GCC_WARN_ABOUT_RETURN_TYPE = YES_ERROR;
				GCC_WARN_UNDECLARED_SELECTOR = YES;
				GCC_WARN_UNINITIALIZED_AUTOS = YES_AGGRESSIVE;
				GCC_WARN_UNUSED_FUNCTION = YES;
				GCC_WARN_UNUSED_VARIABLE = YES;
				IPHONEOS_DEPLOYMENT_TARGET = 11.0;
				MTL_ENABLE_DEBUG_INFO = YES;
				ONLY_ACTIVE_ARCH = YES;
				SDKROOT = iphoneos;
				SWIFT_ACTIVE_COMPILATION_CONDITIONS = DEBUG;
				SWIFT_OPTIMIZATION_LEVEL = "-Onone";
			};
			name = Debug;
		};
		63E3E8611F8D5353002CD766 /* Release */ = {
			isa = XCBuildConfiguration;
			buildSettings = {
				ALWAYS_SEARCH_USER_PATHS = NO;
				CLANG_ANALYZER_NONNULL = YES;
				CLANG_ANALYZER_NUMBER_OBJECT_CONVERSION = YES_AGGRESSIVE;
				CLANG_CXX_LANGUAGE_STANDARD = "gnu++14";
				CLANG_CXX_LIBRARY = "libc++";
				CLANG_ENABLE_MODULES = YES;
				CLANG_ENABLE_OBJC_ARC = YES;
				CLANG_WARN_BLOCK_CAPTURE_AUTORELEASING = YES;
				CLANG_WARN_BOOL_CONVERSION = YES;
				CLANG_WARN_COMMA = YES;
				CLANG_WARN_CONSTANT_CONVERSION = YES;
				CLANG_WARN_DIRECT_OBJC_ISA_USAGE = YES_ERROR;
				CLANG_WARN_DOCUMENTATION_COMMENTS = YES;
				CLANG_WARN_EMPTY_BODY = YES;
				CLANG_WARN_ENUM_CONVERSION = YES;
				CLANG_WARN_INFINITE_RECURSION = YES;
				CLANG_WARN_INT_CONVERSION = YES;
				CLANG_WARN_NON_LITERAL_NULL_CONVERSION = YES;
				CLANG_WARN_OBJC_LITERAL_CONVERSION = YES;
				CLANG_WARN_OBJC_ROOT_CLASS = YES_ERROR;
				CLANG_WARN_RANGE_LOOP_ANALYSIS = YES;
				CLANG_WARN_STRICT_PROTOTYPES = YES;
				CLANG_WARN_SUSPICIOUS_MOVE = YES;
				CLANG_WARN_UNGUARDED_AVAILABILITY = YES_AGGRESSIVE;
				CLANG_WARN_UNREACHABLE_CODE = YES;
				CLANG_WARN__DUPLICATE_METHOD_MATCH = YES;
				CODE_SIGN_IDENTITY = "iPhone Developer";
				COPY_PHASE_STRIP = NO;
				DEBUG_INFORMATION_FORMAT = "dwarf-with-dsym";
				ENABLE_NS_ASSERTIONS = NO;
				ENABLE_STRICT_OBJC_MSGSEND = YES;
				GCC_C_LANGUAGE_STANDARD = gnu11;
				GCC_NO_COMMON_BLOCKS = YES;
				GCC_WARN_64_TO_32_BIT_CONVERSION = YES;
				GCC_WARN_ABOUT_RETURN_TYPE = YES_ERROR;
				GCC_WARN_UNDECLARED_SELECTOR = YES;
				GCC_WARN_UNINITIALIZED_AUTOS = YES_AGGRESSIVE;
				GCC_WARN_UNUSED_FUNCTION = YES;
				GCC_WARN_UNUSED_VARIABLE = YES;
				IPHONEOS_DEPLOYMENT_TARGET = 11.0;
				MTL_ENABLE_DEBUG_INFO = NO;
				SDKROOT = iphoneos;
				SWIFT_OPTIMIZATION_LEVEL = "-Owholemodule";
				VALIDATE_PRODUCT = YES;
			};
			name = Release;
		};
		63E3E8631F8D5353002CD766 /* Debug */ = {
			isa = XCBuildConfiguration;
			buildSettings = {
				ASSETCATALOG_COMPILER_APPICON_NAME = AppIcon;
				CODE_SIGN_STYLE = Automatic;
				DEVELOPMENT_TEAM = SKRU67QKG5;
				INFOPLIST_FILE = TinkoffNews/Info.plist;
				IPHONEOS_DEPLOYMENT_TARGET = 9.0;
				LD_RUNPATH_SEARCH_PATHS = "$(inherited) @executable_path/Frameworks";
				PRODUCT_BUNDLE_IDENTIFIER = me.shedward.TinkoffNews;
				PRODUCT_NAME = "$(TARGET_NAME)";
				SWIFT_VERSION = 4.0;
				TARGETED_DEVICE_FAMILY = "1,2";
			};
			name = Debug;
		};
		63E3E8641F8D5353002CD766 /* Release */ = {
			isa = XCBuildConfiguration;
			buildSettings = {
				ASSETCATALOG_COMPILER_APPICON_NAME = AppIcon;
				CODE_SIGN_STYLE = Automatic;
				DEVELOPMENT_TEAM = SKRU67QKG5;
				INFOPLIST_FILE = TinkoffNews/Info.plist;
				IPHONEOS_DEPLOYMENT_TARGET = 9.0;
				LD_RUNPATH_SEARCH_PATHS = "$(inherited) @executable_path/Frameworks";
				PRODUCT_BUNDLE_IDENTIFIER = me.shedward.TinkoffNews;
				PRODUCT_NAME = "$(TARGET_NAME)";
				SWIFT_VERSION = 4.0;
				TARGETED_DEVICE_FAMILY = "1,2";
			};
			name = Release;
		};
/* End XCBuildConfiguration section */

/* Begin XCConfigurationList section */
		63E3E8481F8D5353002CD766 /* Build configuration list for PBXProject "TinkoffNews" */ = {
			isa = XCConfigurationList;
			buildConfigurations = (
				63E3E8601F8D5353002CD766 /* Debug */,
				63E3E8611F8D5353002CD766 /* Release */,
			);
			defaultConfigurationIsVisible = 0;
			defaultConfigurationName = Release;
		};
		63E3E8621F8D5353002CD766 /* Build configuration list for PBXNativeTarget "TinkoffNews" */ = {
			isa = XCConfigurationList;
			buildConfigurations = (
				63E3E8631F8D5353002CD766 /* Debug */,
				63E3E8641F8D5353002CD766 /* Release */,
			);
			defaultConfigurationIsVisible = 0;
			defaultConfigurationName = Release;
		};
/* End XCConfigurationList section */

/* Begin XCVersionGroup section */
		63E3E8571F8D5353002CD766 /* TinkoffNews.xcdatamodeld */ = {
			isa = XCVersionGroup;
			children = (
				63E3E8581F8D5353002CD766 /* TinkoffNews.xcdatamodel */,
			);
			currentVersion = 63E3E8581F8D5353002CD766 /* TinkoffNews.xcdatamodel */;
			path = TinkoffNews.xcdatamodeld;
			sourceTree = "<group>";
			versionGroupType = wrapper.xcdatamodel;
		};
/* End XCVersionGroup section */
	};
	rootObject = 63E3E8451F8D5353002CD766 /* Project object */;
}
